
Microsoft Visual Studio Solution File, Format Version 12.00
# Visual Studio Version 16
VisualStudioVersion = 16.0.30204.135
MinimumVisualStudioVersion = 10.0.40219.1
Project("{FAE04EC0-301F-11D3-BF4B-00C04F79EFBC}") = "ChatbotAPI", "E:\Masters\Capstone\Chatbot - VS\Code\ChatbotAPI\ChatbotAPI.csproj", "{204AEB5B-80C4-4051-A1DB-D24C2FB7A8BB}"
EndProject
Project("{9A19103F-16F7-4668-BE54-9A1E7A4F7556}") = "ChabotWeb", "..\ChatbotWeb\ChabotWeb.csproj", "{C408CDDD-49C5-4991-8CC9-E712A25DE7F3}"
EndProject
Global
	GlobalSection(SolutionConfigurationPlatforms) = preSolution
		Debug|Any CPU = Debug|Any CPU
		Release|Any CPU = Release|Any CPU
	EndGlobalSection
	GlobalSection(ProjectConfigurationPlatforms) = postSolution
		{204AEB5B-80C4-4051-A1DB-D24C2FB7A8BB}.Debug|Any CPU.ActiveCfg = Debug|Any CPU
		{204AEB5B-80C4-4051-A1DB-D24C2FB7A8BB}.Debug|Any CPU.Build.0 = Debug|Any CPU
		{204AEB5B-80C4-4051-A1DB-D24C2FB7A8BB}.Release|Any CPU.ActiveCfg = Release|Any CPU
		{204AEB5B-80C4-4051-A1DB-D24C2FB7A8BB}.Release|Any CPU.Build.0 = Release|Any CPU
		{C408CDDD-49C5-4991-8CC9-E712A25DE7F3}.Debug|Any CPU.ActiveCfg = Debug|Any CPU
		{C408CDDD-49C5-4991-8CC9-E712A25DE7F3}.Debug|Any CPU.Build.0 = Debug|Any CPU
		{C408CDDD-49C5-4991-8CC9-E712A25DE7F3}.Release|Any CPU.ActiveCfg = Release|Any CPU
		{C408CDDD-49C5-4991-8CC9-E712A25DE7F3}.Release|Any CPU.Build.0 = Release|Any CPU
	EndGlobalSection
	GlobalSection(SolutionProperties) = preSolution
		HideSolutionNode = FALSE
	EndGlobalSection
	GlobalSection(ExtensibilityGlobals) = postSolution
		SolutionGuid = {1870CBC5-6320-4A4C-A6B3-92227804DAE3}
	EndGlobalSection
EndGlobal
